
Microsoft Visual Studio Solution File, Format Version 12.00
# Visual Studio 15
VisualStudioVersion = 15.0.28010.2026
MinimumVisualStudioVersion = 10.0.40219.1
Project("{FAE04EC0-301F-11D3-BF4B-00C04F79EFBC}") = "MysCartas", "MysCartas\MysCartas.csproj", "{13095157-A262-4AD2-B74F-EFC7C78EBF2E}"
EndProject
Project("{FAE04EC0-301F-11D3-BF4B-00C04F79EFBC}") = "MysCartas.Tests", "MysCartas.Tests\MysCartas.Tests.csproj", "{B2889698-1EEE-4014-84C6-8BCFB69AB804}"
EndProject
Global
	GlobalSection(SolutionConfigurationPlatforms) = preSolution
		Debug|Any CPU = Debug|Any CPU
		Release|Any CPU = Release|Any CPU
	EndGlobalSection
	GlobalSection(ProjectConfigurationPlatforms) = postSolution
		{13095157-A262-4AD2-B74F-EFC7C78EBF2E}.Debug|Any CPU.ActiveCfg = Debug|Any CPU
		{13095157-A262-4AD2-B74F-EFC7C78EBF2E}.Debug|Any CPU.Build.0 = Debug|Any CPU
		{13095157-A262-4AD2-B74F-EFC7C78EBF2E}.Release|Any CPU.ActiveCfg = Release|Any CPU
		{13095157-A262-4AD2-B74F-EFC7C78EBF2E}.Release|Any CPU.Build.0 = Release|Any CPU
		{B2889698-1EEE-4014-84C6-8BCFB69AB804}.Debug|Any CPU.ActiveCfg = Debug|Any CPU
		{B2889698-1EEE-4014-84C6-8BCFB69AB804}.Debug|Any CPU.Build.0 = Debug|Any CPU
		{B2889698-1EEE-4014-84C6-8BCFB69AB804}.Release|Any CPU.ActiveCfg = Release|Any CPU
		{B2889698-1EEE-4014-84C6-8BCFB69AB804}.Release|Any CPU.Build.0 = Release|Any CPU
	EndGlobalSection
	GlobalSection(SolutionProperties) = preSolution
		HideSolutionNode = FALSE
	EndGlobalSection
	GlobalSection(ExtensibilityGlobals) = postSolution
		SolutionGuid = {F0BF2F7E-CEA3-418B-B9B9-09295463489C}
	EndGlobalSection
EndGlobal
